// !$*UTF8*$!
{
	archiveVersion = 1;
	classes = {
	};
	objectVersion = 50;
	objects = {

/* Begin PBXBuildFile section */
		037037BA248896BA00755FBC /* AppDelegate.m in Sources */ = {isa = PBXBuildFile; fileRef = 037037B9248896BA00755FBC /* AppDelegate.m */; };
		037037BD248896BA00755FBC /* SceneDelegate.m in Sources */ = {isa = PBXBuildFile; fileRef = 037037BC248896BA00755FBC /* SceneDelegate.m */; };
		037037C0248896BA00755FBC /* ViewController.m in Sources */ = {isa = PBXBuildFile; fileRef = 037037BF248896BA00755FBC /* ViewController.m */; };
		037037C3248896BA00755FBC /* Main.storyboard in Resources */ = {isa = PBXBuildFile; fileRef = 037037C1248896BA00755FBC /* Main.storyboard */; };
		037037C5248896BB00755FBC /* Assets.xcassets in Resources */ = {isa = PBXBuildFile; fileRef = 037037C4248896BB00755FBC /* Assets.xcassets */; };
		037037C8248896BB00755FBC /* LaunchScreen.storyboard in Resources */ = {isa = PBXBuildFile; fileRef = 037037C6248896BB00755FBC /* LaunchScreen.storyboard */; };
		037037CB248896BB00755FBC /* main.m in Sources */ = {isa = PBXBuildFile; fileRef = 037037CA248896BB00755FBC /* main.m */; };
		C07AC7FE43F2F74A62C5B183 /* Pods_TYJModuleDemo.framework in Frameworks */ = {isa = PBXBuildFile; fileRef = 40A7ABE5879930F306E27DF8 /* Pods_TYJModuleDemo.framework */; };
/* End PBXBuildFile section */

/* Begin PBXFileReference section */
		037037B5248896BA00755FBC /* TYJModuleDemo.app */ = {isa = PBXFileReference; explicitFileType = wrapper.application; includeInIndex = 0; path = TYJModuleDemo.app; sourceTree = BUILT_PRODUCTS_DIR; };
		037037B8248896BA00755FBC /* AppDelegate.h */ = {isa = PBXFileReference; lastKnownFileType = sourcecode.c.h; path = AppDelegate.h; sourceTree = "<group>"; };
		037037B9248896BA00755FBC /* AppDelegate.m */ = {isa = PBXFileReference; lastKnownFileType = sourcecode.c.objc; path = AppDelegate.m; sourceTree = "<group>"; };
		037037BB248896BA00755FBC /* SceneDelegate.h */ = {isa = PBXFileReference; lastKnownFileType = sourcecode.c.h; path = SceneDelegate.h; sourceTree = "<group>"; };
		037037BC248896BA00755FBC /* SceneDelegate.m */ = {isa = PBXFileReference; lastKnownFileType = sourcecode.c.objc; path = SceneDelegate.m; sourceTree = "<group>"; };
		037037BE248896BA00755FBC /* ViewController.h */ = {isa = PBXFileReference; lastKnownFileType = sourcecode.c.h; path = ViewController.h; sourceTree = "<group>"; };
		037037BF248896BA00755FBC /* ViewController.m */ = {isa = PBXFileReference; lastKnownFileType = sourcecode.c.objc; path = ViewController.m; sourceTree = "<group>"; };
		037037C2248896BA00755FBC /* Base */ = {isa = PBXFileReference; lastKnownFileType = file.storyboard; name = Base; path = Base.lproj/Main.storyboard; sourceTree = "<group>"; };
		037037C4248896BB00755FBC /* Assets.xcassets */ = {isa = PBXFileReference; lastKnownFileType = folder.assetcatalog; path = Assets.xcassets; sourceTree = "<group>"; };
		037037C7248896BB00755FBC /* Base */ = {isa = PBXFileReference; lastKnownFileType = file.storyboard; name = Base; path = Base.lproj/LaunchScreen.storyboard; sourceTree = "<group>"; };
		037037C9248896BB00755FBC /* Info.plist */ = {isa = PBXFileReference; lastKnownFileType = text.plist.xml; path = Info.plist; sourceTree = "<group>"; };
		037037CA248896BB00755FBC /* main.m */ = {isa = PBXFileReference; lastKnownFileType = sourcecode.c.objc; path = main.m; sourceTree = "<group>"; };
		06C3238A5EF6227E40F80737 /* Pods-TYJModuleDemo.release.xcconfig */ = {isa = PBXFileReference; includeInIndex = 1; lastKnownFileType = text.xcconfig; name = "Pods-TYJModuleDemo.release.xcconfig"; path = "Target Support Files/Pods-TYJModuleDemo/Pods-TYJModuleDemo.release.xcconfig"; sourceTree = "<group>"; };
		40A7ABE5879930F306E27DF8 /* Pods_TYJModuleDemo.framework */ = {isa = PBXFileReference; explicitFileType = wrapper.framework; includeInIndex = 0; path = Pods_TYJModuleDemo.framework; sourceTree = BUILT_PRODUCTS_DIR; };
		4A91C4B9514E9F849969AA2A /* Pods-TYJModuleDemo.debug.xcconfig */ = {isa = PBXFileReference; includeInIndex = 1; lastKnownFileType = text.xcconfig; name = "Pods-TYJModuleDemo.debug.xcconfig"; path = "Target Support Files/Pods-TYJModuleDemo/Pods-TYJModuleDemo.debug.xcconfig"; sourceTree = "<group>"; };
/* End PBXFileReference section */

/* Begin PBXFrameworksBuildPhase section */
		037037B2248896BA00755FBC /* Frameworks */ = {
			isa = PBXFrameworksBuildPhase;
			buildActionMask = 2147483647;
			files = (
				C07AC7FE43F2F74A62C5B183 /* Pods_TYJModuleDemo.framework in Frameworks */,
			);
			runOnlyForDeploymentPostprocessing = 0;
		};
/* End PBXFrameworksBuildPhase section */

/* Begin PBXGroup section */
		037037AC248896BA00755FBC = {
			isa = PBXGroup;
			children = (
				037037B7248896BA00755FBC /* TYJModuleDemo */,
				037037B6248896BA00755FBC /* Products */,
				538F03A32E55A0609B338CAC /* Pods */,
				C8EC4ED8BE8F6CE3C2D68C00 /* Frameworks */,
			);
			sourceTree = "<group>";
		};
		037037B6248896BA00755FBC /* Products */ = {
			isa = PBXGroup;
			children = (
				037037B5248896BA00755FBC /* TYJModuleDemo.app */,
			);
			name = Products;
			sourceTree = "<group>";
		};
		037037B7248896BA00755FBC /* TYJModuleDemo */ = {
			isa = PBXGroup;
			children = (
				037037B8248896BA00755FBC /* AppDelegate.h */,
				037037B9248896BA00755FBC /* AppDelegate.m */,
				037037BB248896BA00755FBC /* SceneDelegate.h */,
				037037BC248896BA00755FBC /* SceneDelegate.m */,
				037037BE248896BA00755FBC /* ViewController.h */,
				037037BF248896BA00755FBC /* ViewController.m */,
				037037C1248896BA00755FBC /* Main.storyboard */,
				037037C4248896BB00755FBC /* Assets.xcassets */,
				037037C6248896BB00755FBC /* LaunchScreen.storyboard */,
				037037C9248896BB00755FBC /* Info.plist */,
				037037CA248896BB00755FBC /* main.m */,
			);
			path = TYJModuleDemo;
			sourceTree = "<group>";
		};
		538F03A32E55A0609B338CAC /* Pods */ = {
			isa = PBXGroup;
			children = (
				4A91C4B9514E9F849969AA2A /* Pods-TYJModuleDemo.debug.xcconfig */,
				06C3238A5EF6227E40F80737 /* Pods-TYJModuleDemo.release.xcconfig */,
			);
			name = Pods;
			path = Pods;
			sourceTree = "<group>";
		};
		C8EC4ED8BE8F6CE3C2D68C00 /* Frameworks */ = {
			isa = PBXGroup;
			children = (
				40A7ABE5879930F306E27DF8 /* Pods_TYJModuleDemo.framework */,
			);
			name = Frameworks;
			sourceTree = "<group>";
		};
/* End PBXGroup section */

/* Begin PBXNativeTarget section */
		037037B4248896BA00755FBC /* TYJModuleDemo */ = {
			isa = PBXNativeTarget;
			buildConfigurationList = 037037CE248896BB00755FBC /* Build configuration list for PBXNativeTarget "TYJModuleDemo" */;
			buildPhases = (
				DAE7C5F2B7C47BF1C8A23B0C /* [CP] Check Pods Manifest.lock */,
				037037B1248896BA00755FBC /* Sources */,
				037037B2248896BA00755FBC /* Frameworks */,
				037037B3248896BA00755FBC /* Resources */,
				ACD953EF18207067460F5702 /* [CP] Embed Pods Frameworks */,
			);
			buildRules = (
			);
			dependencies = (
			);
			name = TYJModuleDemo;
			productName = TYJModuleDemo;
			productReference = 037037B5248896BA00755FBC /* TYJModuleDemo.app */;
			productType = "com.apple.product-type.application";
		};
/* End PBXNativeTarget section */

/* Begin PBXProject section */
		037037AD248896BA00755FBC /* Project object */ = {
			isa = PBXProject;
			attributes = {
				LastUpgradeCheck = 1150;
				ORGANIZATIONNAME = "田益杰";
				TargetAttributes = {
					037037B4248896BA00755FBC = {
						CreatedOnToolsVersion = 11.5;
					};
				};
			};
			buildConfigurationList = 037037B0248896BA00755FBC /* Build configuration list for PBXProject "TYJModuleDemo" */;
			compatibilityVersion = "Xcode 9.3";
			developmentRegion = en;
			hasScannedForEncodings = 0;
			knownRegions = (
				en,
				Base,
			);
			mainGroup = 037037AC248896BA00755FBC;
			productRefGroup = 037037B6248896BA00755FBC /* Products */;
			projectDirPath = "";
			projectRoot = "";
			targets = (
				037037B4248896BA00755FBC /* TYJModuleDemo */,
			);
		};
/* End PBXProject section */

/* Begin PBXResourcesBuildPhase section */
		037037B3248896BA00755FBC /* Resources */ = {
			isa = PBXResourcesBuildPhase;
			buildActionMask = 2147483647;
			files = (
				037037C8248896BB00755FBC /* LaunchScreen.storyboard in Resources */,
				037037C5248896BB00755FBC /* Assets.xcassets in Resources */,
				037037C3248896BA00755FBC /* Main.storyboard in Resources */,
			);
			runOnlyForDeploymentPostprocessing = 0;
		};
/* End PBXResourcesBuildPhase section */

/* Begin PBXShellScriptBuildPhase section */
		ACD953EF18207067460F5702 /* [CP] Embed Pods Frameworks */ = {
			isa = PBXShellScriptBuildPhase;
			buildActionMask = 2147483647;
			files = (
			);
			inputFileListPaths = (
				"${PODS_ROOT}/Target Support Files/Pods-TYJModuleDemo/Pods-TYJModuleDemo-frameworks-${CONFIGURATION}-input-files.xcfilelist",
			);
			name = "[CP] Embed Pods Frameworks";
			outputFileListPaths = (
				"${PODS_ROOT}/Target Support Files/Pods-TYJModuleDemo/Pods-TYJModuleDemo-frameworks-${CONFIGURATION}-output-files.xcfilelist",
			);
			runOnlyForDeploymentPostprocessing = 0;
			shellPath = /bin/sh;
			shellScript = "\"${PODS_ROOT}/Target Support Files/Pods-TYJModuleDemo/Pods-TYJModuleDemo-frameworks.sh\"\n";
			showEnvVarsInLog = 0;
		};
		DAE7C5F2B7C47BF1C8A23B0C /* [CP] Check Pods Manifest.lock */ = {
			isa = PBXShellScriptBuildPhase;
			buildActionMask = 2147483647;
			files = (
			);
			inputFileListPaths = (
			);
			inputPaths = (
				"${PODS_PODFILE_DIR_PATH}/Podfile.lock",
				"${PODS_ROOT}/Manifest.lock",
			);
			name = "[CP] Check Pods Manifest.lock";
			outputFileListPaths = (
			);
			outputPaths = (
				"$(DERIVED_FILE_DIR)/Pods-TYJModuleDemo-checkManifestLockResult.txt",
			);
			runOnlyForDeploymentPostprocessing = 0;
			shellPath = /bin/sh;
			shellScript = "diff \"${PODS_PODFILE_DIR_PATH}/Podfile.lock\" \"${PODS_ROOT}/Manifest.lock\" > /dev/null\nif [ $? != 0 ] ; then\n    # print error to STDERR\n    echo \"error: The sandbox is not in sync with the Podfile.lock. Run 'pod install' or update your CocoaPods installation.\" >&2\n    exit 1\nfi\n# This output is used by Xcode 'outputs' to avoid re-running this script phase.\necho \"SUCCESS\" > \"${SCRIPT_OUTPUT_FILE_0}\"\n";
			showEnvVarsInLog = 0;
		};
/* End PBXShellScriptBuildPhase section */

/* Begin PBXSourcesBuildPhase section */
		037037B1248896BA00755FBC /* Sources */ = {
			isa = PBXSourcesBuildPhase;
			buildActionMask = 2147483647;
			files = (
				037037C0248896BA00755FBC /* ViewController.m in Sources */,
				037037BA248896BA00755FBC /* AppDelegate.m in Sources */,
				037037CB248896BB00755FBC /* main.m in Sources */,
				037037BD248896BA00755FBC /* SceneDelegate.m in Sources */,
			);
			runOnlyForDeploymentPostprocessing = 0;
		};
/* End PBXSourcesBuildPhase section */

/* Begin PBXVariantGroup section */
		037037C1248896BA00755FBC /* Main.storyboard */ = {
			isa = PBXVariantGroup;
			children = (
				037037C2248896BA00755FBC /* Base */,
			);
			name = Main.storyboard;
			sourceTree = "<group>";
		};
		037037C6248896BB00755FBC /* LaunchScreen.storyboard */ = {
			isa = PBXVariantGroup;
			children = (
				037037C7248896BB00755FBC /* Base */,
			);
			name = LaunchScreen.storyboard;
			sourceTree = "<group>";
		};
/* End PBXVariantGroup section */

/* Begin XCBuildConfiguration section */
		037037CC248896BB00755FBC /* Debug */ = {
			isa = XCBuildConfiguration;
			buildSettings = {
				ALWAYS_SEARCH_USER_PATHS = NO;
				CLANG_ANALYZER_NONNULL = YES;
				CLANG_ANALYZER_NUMBER_OBJECT_CONVERSION = YES_AGGRESSIVE;
				CLANG_CXX_LANGUAGE_STANDARD = "gnu++14";
				CLANG_CXX_LIBRARY = "libc++";
				CLANG_ENABLE_MODULES = YES;
				CLANG_ENABLE_OBJC_ARC = YES;
				CLANG_ENABLE_OBJC_WEAK = YES;
				CLANG_WARN_BLOCK_CAPTURE_AUTORELEASING = YES;
				CLANG_WARN_BOOL_CONVERSION = YES;
				CLANG_WARN_COMMA = YES;
				CLANG_WARN_CONSTANT_CONVERSION = YES;
				CLANG_WARN_DEPRECATED_OBJC_IMPLEMENTATIONS = YES;
				CLANG_WARN_DIRECT_OBJC_ISA_USAGE = YES_ERROR;
				CLANG_WARN_DOCUMENTATION_COMMENTS = YES;
				CLANG_WARN_EMPTY_BODY = YES;
				CLANG_WARN_ENUM_CONVERSION = YES;
				CLANG_WARN_INFINITE_RECURSION = YES;
				CLANG_WARN_INT_CONVERSION = YES;
				CLANG_WARN_NON_LITERAL_NULL_CONVERSION = YES;
				CLANG_WARN_OBJC_IMPLICIT_RETAIN_SELF = YES;
				CLANG_WARN_OBJC_LITERAL_CONVERSION = YES;
				CLANG_WARN_OBJC_ROOT_CLASS = YES_ERROR;
				CLANG_WARN_RANGE_LOOP_ANALYSIS = YES;
				CLANG_WARN_STRICT_PROTOTYPES = YES;
				CLANG_WARN_SUSPICIOUS_MOVE = YES;
				CLANG_WARN_UNGUARDED_AVAILABILITY = YES_AGGRESSIVE;
				CLANG_WARN_UNREACHABLE_CODE = YES;
				CLANG_WARN__DUPLICATE_METHOD_MATCH = YES;
				COPY_PHASE_STRIP = NO;
				DEBUG_INFORMATION_FORMAT = dwarf;
				ENABLE_STRICT_OBJC_MSGSEND = YES;
				ENABLE_TESTABILITY = YES;
				GCC_C_LANGUAGE_STANDARD = gnu11;
				GCC_DYNAMIC_NO_PIC = NO;
				GCC_NO_COMMON_BLOCKS = YES;
				GCC_OPTIMIZATION_LEVEL = 0;
				GCC_PREPROCESSOR_DEFINITIONS = (
					"DEBUG=1",
					"$(inherited)",
				);
				GCC_WARN_64_TO_32_BIT_CONVERSION = YES;
				GCC_WARN_ABOUT_RETURN_TYPE = YES_ERROR;
				GCC_WARN_UNDECLARED_SELECTOR = YES;
				GCC_WARN_UNINITIALIZED_AUTOS = YES_AGGRESSIVE;
				GCC_WARN_UNUSED_FUNCTION = YES;
				GCC_WARN_UNUSED_VARIABLE = YES;
				IPHONEOS_DEPLOYMENT_TARGET = 13.5;
				MTL_ENABLE_DEBUG_INFO = INCLUDE_SOURCE;
				MTL_FAST_MATH = YES;
				ONLY_ACTIVE_ARCH = YES;
				SDKROOT = iphoneos;
			};
			name = Debug;
		};
		037037CD248896BB00755FBC /* Release */ = {
			isa = XCBuildConfiguration;
			buildSettings = {
				ALWAYS_SEARCH_USER_PATHS = NO;
				CLANG_ANALYZER_NONNULL = YES;
				CLANG_ANALYZER_NUMBER_OBJECT_CONVERSION = YES_AGGRESSIVE;
				CLANG_CXX_LANGUAGE_STANDARD = "gnu++14";
				CLANG_CXX_LIBRARY = "libc++";
				CLANG_ENABLE_MODULES = YES;
				CLANG_ENABLE_OBJC_ARC = YES;
				CLANG_ENABLE_OBJC_WEAK = YES;
				CLANG_WARN_BLOCK_CAPTURE_AUTORELEASING = YES;
				CLANG_WARN_BOOL_CONVERSION = YES;
				CLANG_WARN_COMMA = YES;
				CLANG_WARN_CONSTANT_CONVERSION = YES;
				CLANG_WARN_DEPRECATED_OBJC_IMPLEMENTATIONS = YES;
				CLANG_WARN_DIRECT_OBJC_ISA_USAGE = YES_ERROR;
				CLANG_WARN_DOCUMENTATION_COMMENTS = YES;
				CLANG_WARN_EMPTY_BODY = YES;
				CLANG_WARN_ENUM_CONVERSION = YES;
				CLANG_WARN_INFINITE_RECURSION = YES;
				CLANG_WARN_INT_CONVERSION = YES;
				CLANG_WARN_NON_LITERAL_NULL_CONVERSION = YES;
				CLANG_WARN_OBJC_IMPLICIT_RETAIN_SELF = YES;
				CLANG_WARN_OBJC_LITERAL_CONVERSION = YES;
				CLANG_WARN_OBJC_ROOT_CLASS = YES_ERROR;
				CLANG_WARN_RANGE_LOOP_ANALYSIS = YES;
				CLANG_WARN_STRICT_PROTOTYPES = YES;
				CLANG_WARN_SUSPICIOUS_MOVE = YES;
				CLANG_WARN_UNGUARDED_AVAILABILITY = YES_AGGRESSIVE;
				CLANG_WARN_UNREACHABLE_CODE = YES;
				CLANG_WARN__DUPLICATE_METHOD_MATCH = YES;
				COPY_PHASE_STRIP = NO;
				DEBUG_INFORMATION_FORMAT = "dwarf-with-dsym";
				ENABLE_NS_ASSERTIONS = NO;
				ENABLE_STRICT_OBJC_MSGSEND = YES;
				GCC_C_LANGUAGE_STANDARD = gnu11;
				GCC_NO_COMMON_BLOCKS = YES;
				GCC_WARN_64_TO_32_BIT_CONVERSION = YES;
				GCC_WARN_ABOUT_RETURN_TYPE = YES_ERROR;
				GCC_WARN_UNDECLARED_SELECTOR = YES;
				GCC_WARN_UNINITIALIZED_AUTOS = YES_AGGRESSIVE;
				GCC_WARN_UNUSED_FUNCTION = YES;
				GCC_WARN_UNUSED_VARIABLE = YES;
				IPHONEOS_DEPLOYMENT_TARGET = 13.5;
				MTL_ENABLE_DEBUG_INFO = NO;
				MTL_FAST_MATH = YES;
				SDKROOT = iphoneos;
				VALIDATE_PRODUCT = YES;
			};
			name = Release;
		};
		037037CF248896BB00755FBC /* Debug */ = {
			isa = XCBuildConfiguration;
			baseConfigurationReference = 4A91C4B9514E9F849969AA2A /* Pods-TYJModuleDemo.debug.xcconfig */;
			buildSettings = {
				ASSETCATALOG_COMPILER_APPICON_NAME = AppIcon;
				CODE_SIGN_STYLE = Automatic;
				INFOPLIST_FILE = TYJModuleDemo/Info.plist;
				LD_RUNPATH_SEARCH_PATHS = (
					"$(inherited)",
					"@executable_path/Frameworks",
				);
				PRODUCT_BUNDLE_IDENTIFIER = com.tianyijie.TYJModuleDemo;
				PRODUCT_NAME = "$(TARGET_NAME)";
				TARGETED_DEVICE_FAMILY = "1,2";
			};
			name = Debug;
		};
		037037D0248896BB00755FBC /* Release */ = {
			isa = XCBuildConfiguration;
			baseConfigurationReference = 06C3238A5EF6227E40F80737 /* Pods-TYJModuleDemo.release.xcconfig */;
			buildSettings = {
				ASSETCATALOG_COMPILER_APPICON_NAME = AppIcon;
				CODE_SIGN_STYLE = Automatic;
				INFOPLIST_FILE = TYJModuleDemo/Info.plist;
				LD_RUNPATH_SEARCH_PATHS = (
					"$(inherited)",
					"@executable_path/Frameworks",
				);
				PRODUCT_BUNDLE_IDENTIFIER = com.tianyijie.TYJModuleDemo;
				PRODUCT_NAME = "$(TARGET_NAME)";
				TARGETED_DEVICE_FAMILY = "1,2";
			};
			name = Release;
		};
/* End XCBuildConfiguration section */

/* Begin XCConfigurationList section */
		037037B0248896BA00755FBC /* Build configuration list for PBXProject "TYJModuleDemo" */ = {
			isa = XCConfigurationList;
			buildConfigurations = (
				037037CC248896BB00755FBC /* Debug */,
				037037CD248896BB00755FBC /* Release */,
			);
			defaultConfigurationIsVisible = 0;
			defaultConfigurationName = Release;
		};
		037037CE248896BB00755FBC /* Build configuration list for PBXNativeTarget "TYJModuleDemo" */ = {
			isa = XCConfigurationList;
			buildConfigurations = (
				037037CF248896BB00755FBC /* Debug */,
				037037D0248896BB00755FBC /* Release */,
			);
			defaultConfigurationIsVisible = 0;
			defaultConfigurationName = Release;
		};
/* End XCConfigurationList section */
	};
	rootObject = 037037AD248896BA00755FBC /* Project object */;
}
